
Microsoft Visual Studio Solution File, Format Version 12.00
# Visual Studio Version 17
VisualStudioVersion = 17.13.35919.96 d17.13
MinimumVisualStudioVersion = 10.0.40219.1
Project("{FAE04EC0-301F-11D3-BF4B-00C04F79EFBC}") = "CoreAPI", "CoreAPI.csproj", "{E8DA4C33-DC8D-4C26-AD34-F11621A1B743}"
EndProject
Global
	GlobalSection(SolutionConfigurationPlatforms) = preSolution
		Debug|Any CPU = Debug|Any CPU
		Release|Any CPU = Release|Any CPU
	EndGlobalSection
	GlobalSection(ProjectConfigurationPlatforms) = postSolution
		{E8DA4C33-DC8D-4C26-AD34-F11621A1B743}.Debug|Any CPU.ActiveCfg = Debug|Any CPU
		{E8DA4C33-DC8D-4C26-AD34-F11621A1B743}.Debug|Any CPU.Build.0 = Debug|Any CPU
		{E8DA4C33-DC8D-4C26-AD34-F11621A1B743}.Release|Any CPU.ActiveCfg = Release|Any CPU
		{E8DA4C33-DC8D-4C26-AD34-F11621A1B743}.Release|Any CPU.Build.0 = Release|Any CPU
	EndGlobalSection
	GlobalSection(SolutionProperties) = preSolution
		HideSolutionNode = FALSE
	EndGlobalSection
	GlobalSection(ExtensibilityGlobals) = postSolution
		SolutionGuid = {F3C09696-E6A3-4EEC-9CAE-8F45F83B4225}
	EndGlobalSection
EndGlobal
